
Microsoft Visual Studio Solution File, Format Version 12.00
# Visual Studio Version 16
VisualStudioVersion = 16.0.29318.209
MinimumVisualStudioVersion = 10.0.40219.1
Project("{CC5FD16D-436D-48AD-A40C-5A424C6E3E79}") = "AzureCloudService1", "AzureCloudService1\AzureCloudService1.ccproj", "{03688F41-3788-4003-91C4-FFCEC885A57C}"
EndProject
Project("{FAE04EC0-301F-11D3-BF4B-00C04F79EFBC}") = "WebRole1", "WebRole1\WebRole1.csproj", "{C5F9867F-9B26-43AF-80C2-6EE3B165992E}"
EndProject
Project("{FAE04EC0-301F-11D3-BF4B-00C04F79EFBC}") = "WorkerRole1", "WorkerRole1\WorkerRole1.csproj", "{ED96FD5C-A5DE-44A3-9C95-006E486008E2}"
EndProject
Global
	GlobalSection(SolutionConfigurationPlatforms) = preSolution
		Debug|Any CPU = Debug|Any CPU
		Release|Any CPU = Release|Any CPU
	EndGlobalSection
	GlobalSection(ProjectConfigurationPlatforms) = postSolution
		{03688F41-3788-4003-91C4-FFCEC885A57C}.Debug|Any CPU.ActiveCfg = Debug|Any CPU
		{03688F41-3788-4003-91C4-FFCEC885A57C}.Debug|Any CPU.Build.0 = Debug|Any CPU
		{03688F41-3788-4003-91C4-FFCEC885A57C}.Release|Any CPU.ActiveCfg = Release|Any CPU
		{03688F41-3788-4003-91C4-FFCEC885A57C}.Release|Any CPU.Build.0 = Release|Any CPU
		{C5F9867F-9B26-43AF-80C2-6EE3B165992E}.Debug|Any CPU.ActiveCfg = Debug|Any CPU
		{C5F9867F-9B26-43AF-80C2-6EE3B165992E}.Debug|Any CPU.Build.0 = Debug|Any CPU
		{C5F9867F-9B26-43AF-80C2-6EE3B165992E}.Release|Any CPU.ActiveCfg = Release|Any CPU
		{C5F9867F-9B26-43AF-80C2-6EE3B165992E}.Release|Any CPU.Build.0 = Release|Any CPU
		{ED96FD5C-A5DE-44A3-9C95-006E486008E2}.Debug|Any CPU.ActiveCfg = Debug|Any CPU
		{ED96FD5C-A5DE-44A3-9C95-006E486008E2}.Debug|Any CPU.Build.0 = Debug|Any CPU
		{ED96FD5C-A5DE-44A3-9C95-006E486008E2}.Release|Any CPU.ActiveCfg = Release|Any CPU
		{ED96FD5C-A5DE-44A3-9C95-006E486008E2}.Release|Any CPU.Build.0 = Release|Any CPU
	EndGlobalSection
	GlobalSection(SolutionProperties) = preSolution
		HideSolutionNode = FALSE
	EndGlobalSection
	GlobalSection(ExtensibilityGlobals) = postSolution
		SolutionGuid = {FB99ACFF-D168-461F-97AF-EFEA65F0DAAF}
	EndGlobalSection
EndGlobal
